
Microsoft Visual Studio Solution File, Format Version 12.00
# Visual Studio 15
VisualStudioVersion = 15.0.28307.329
MinimumVisualStudioVersion = 10.0.40219.1
Project("{FAE04EC0-301F-11D3-BF4B-00C04F79EFBC}") = "SingletonThreads", "SingletonThreads\SingletonThreads\SingletonThreads.csproj", "{58613CEC-B8C1-4684-A62D-B110A253003B}"
EndProject
Project("{FAE04EC0-301F-11D3-BF4B-00C04F79EFBC}") = "UnitTestSingleton", "SingletonThreads\SingletonThreads\UnitTestSingleton\UnitTestSingleton.csproj", "{F08ED3AD-CFA3-45F4-853D-9E104F9B6474}"
EndProject
Global
	GlobalSection(SolutionConfigurationPlatforms) = preSolution
		Debug|Any CPU = Debug|Any CPU
		Release|Any CPU = Release|Any CPU
	EndGlobalSection
	GlobalSection(ProjectConfigurationPlatforms) = postSolution
		{58613CEC-B8C1-4684-A62D-B110A253003B}.Debug|Any CPU.ActiveCfg = Debug|Any CPU
		{58613CEC-B8C1-4684-A62D-B110A253003B}.Debug|Any CPU.Build.0 = Debug|Any CPU
		{58613CEC-B8C1-4684-A62D-B110A253003B}.Release|Any CPU.ActiveCfg = Release|Any CPU
		{58613CEC-B8C1-4684-A62D-B110A253003B}.Release|Any CPU.Build.0 = Release|Any CPU
		{F08ED3AD-CFA3-45F4-853D-9E104F9B6474}.Debug|Any CPU.ActiveCfg = Debug|Any CPU
		{F08ED3AD-CFA3-45F4-853D-9E104F9B6474}.Debug|Any CPU.Build.0 = Debug|Any CPU
		{F08ED3AD-CFA3-45F4-853D-9E104F9B6474}.Release|Any CPU.ActiveCfg = Release|Any CPU
		{F08ED3AD-CFA3-45F4-853D-9E104F9B6474}.Release|Any CPU.Build.0 = Release|Any CPU
	EndGlobalSection
	GlobalSection(SolutionProperties) = preSolution
		HideSolutionNode = FALSE
	EndGlobalSection
	GlobalSection(ExtensibilityGlobals) = postSolution
		SolutionGuid = {5EED8F98-BF8A-43D5-910E-572050ED28AA}
	EndGlobalSection
EndGlobal
